
Microsoft Visual Studio Solution File, Format Version 12.00
# Visual Studio 15
VisualStudioVersion = 15.0.28307.106
MinimumVisualStudioVersion = 10.0.40219.1
Project("{9A19103F-16F7-4668-BE54-9A1E7A4F7556}") = "Project3_Site-MVC.DataAccess", "Project3_Site-MVC.DataAccess\Project3_Site-MVC.DataAccess.csproj", "{FF42DFFD-F394-4EC8-838D-38AE2B435FD0}"
EndProject
Project("{9A19103F-16F7-4668-BE54-9A1E7A4F7556}") = "Project3_Site-MVC.Library", "Project3_Site-MVC.Library\Project3_Site-MVC.Library.csproj", "{A8956259-A73F-494D-9BF9-263CC35BAEDC}"
EndProject
Project("{FAE04EC0-301F-11D3-BF4B-00C04F79EFBC}") = "Project3_Site-MVC.Web", "Project3_Site-MVC.Web\Project3_Site-MVC.Web.csproj", "{7DD60F80-F6BB-44E1-B591-776F95BAB1E8}"
EndProject
Global
	GlobalSection(SolutionConfigurationPlatforms) = preSolution
		Debug|Any CPU = Debug|Any CPU
		Release|Any CPU = Release|Any CPU
	EndGlobalSection
	GlobalSection(ProjectConfigurationPlatforms) = postSolution
		{FF42DFFD-F394-4EC8-838D-38AE2B435FD0}.Debug|Any CPU.ActiveCfg = Debug|Any CPU
		{FF42DFFD-F394-4EC8-838D-38AE2B435FD0}.Debug|Any CPU.Build.0 = Debug|Any CPU
		{FF42DFFD-F394-4EC8-838D-38AE2B435FD0}.Release|Any CPU.ActiveCfg = Release|Any CPU
		{FF42DFFD-F394-4EC8-838D-38AE2B435FD0}.Release|Any CPU.Build.0 = Release|Any CPU
		{A8956259-A73F-494D-9BF9-263CC35BAEDC}.Debug|Any CPU.ActiveCfg = Debug|Any CPU
		{A8956259-A73F-494D-9BF9-263CC35BAEDC}.Debug|Any CPU.Build.0 = Debug|Any CPU
		{A8956259-A73F-494D-9BF9-263CC35BAEDC}.Release|Any CPU.ActiveCfg = Release|Any CPU
		{A8956259-A73F-494D-9BF9-263CC35BAEDC}.Release|Any CPU.Build.0 = Release|Any CPU
		{7DD60F80-F6BB-44E1-B591-776F95BAB1E8}.Debug|Any CPU.ActiveCfg = Debug|Any CPU
		{7DD60F80-F6BB-44E1-B591-776F95BAB1E8}.Debug|Any CPU.Build.0 = Debug|Any CPU
		{7DD60F80-F6BB-44E1-B591-776F95BAB1E8}.Release|Any CPU.ActiveCfg = Release|Any CPU
		{7DD60F80-F6BB-44E1-B591-776F95BAB1E8}.Release|Any CPU.Build.0 = Release|Any CPU
	EndGlobalSection
	GlobalSection(SolutionProperties) = preSolution
		HideSolutionNode = FALSE
	EndGlobalSection
	GlobalSection(ExtensibilityGlobals) = postSolution
		SolutionGuid = {508B0407-5F1C-4C01-87D4-E6CC1FD40450}
	EndGlobalSection
EndGlobal
